
Microsoft Visual Studio Solution File, Format Version 12.00
# Visual Studio 14
VisualStudioVersion = 14.0.25420.1
MinimumVisualStudioVersion = 10.0.40219.1
Project("{E24C65DC-7377-472B-9ABA-BC803B73C61A}") = "WebSite9", "..\..\WebSites\WebSite9\", "{22A1D8EB-83C1-4B33-999B-66379ABB77D8}"
	ProjectSection(WebsiteProperties) = preProject
		TargetFrameworkMoniker = ".NETFramework,Version%3Dv4.5"
		Debug.AspNetCompiler.VirtualPath = "/localhost_51796"
		Debug.AspNetCompiler.PhysicalPath = "..\..\WebSites\WebSite9\"
		Debug.AspNetCompiler.TargetPath = "PrecompiledWeb\localhost_51796\"
		Debug.AspNetCompiler.Updateable = "true"
		Debug.AspNetCompiler.ForceOverwrite = "true"
		Debug.AspNetCompiler.FixedNames = "false"
		Debug.AspNetCompiler.Debug = "True"
		Release.AspNetCompiler.VirtualPath = "/localhost_51796"
		Release.AspNetCompiler.PhysicalPath = "..\..\WebSites\WebSite9\"
		Release.AspNetCompiler.TargetPath = "PrecompiledWeb\localhost_51796\"
		Release.AspNetCompiler.Updateable = "true"
		Release.AspNetCompiler.ForceOverwrite = "true"
		Release.AspNetCompiler.FixedNames = "false"
		Release.AspNetCompiler.Debug = "False"
		VWDPort = "51796"
		SlnRelativePath = "..\..\WebSites\WebSite9\"
		DefaultWebSiteLanguage = "Visual C#"
	EndProjectSection
EndProject
Project("{E24C65DC-7377-472B-9ABA-BC803B73C61A}") = "WebServiceOmdbapi", "..\..\WebSites\WebServiceOmdbapi\", "{EBE6D68E-C3C7-445F-97F6-DD99394C37F1}"
	ProjectSection(WebsiteProperties) = preProject
		TargetFrameworkMoniker = ".NETFramework,Version%3Dv4.5.2"
		Debug.AspNetCompiler.VirtualPath = "/localhost_54924"
		Debug.AspNetCompiler.PhysicalPath = "..\..\WebSites\WebServiceOmdbapi\"
		Debug.AspNetCompiler.TargetPath = "PrecompiledWeb\localhost_54924\"
		Debug.AspNetCompiler.Updateable = "true"
		Debug.AspNetCompiler.ForceOverwrite = "true"
		Debug.AspNetCompiler.FixedNames = "false"
		Debug.AspNetCompiler.Debug = "True"
		Release.AspNetCompiler.VirtualPath = "/localhost_54924"
		Release.AspNetCompiler.PhysicalPath = "..\..\WebSites\WebServiceOmdbapi\"
		Release.AspNetCompiler.TargetPath = "PrecompiledWeb\localhost_54924\"
		Release.AspNetCompiler.Updateable = "true"
		Release.AspNetCompiler.ForceOverwrite = "true"
		Release.AspNetCompiler.FixedNames = "false"
		Release.AspNetCompiler.Debug = "False"
		VWDPort = "54924"
		SlnRelativePath = "..\..\WebSites\WebServiceOmdbapi\"
		DefaultWebSiteLanguage = "Visual C#"
	EndProjectSection
EndProject
Global
	GlobalSection(SolutionConfigurationPlatforms) = preSolution
		Debug|Any CPU = Debug|Any CPU
	EndGlobalSection
	GlobalSection(ProjectConfigurationPlatforms) = postSolution
		{22A1D8EB-83C1-4B33-999B-66379ABB77D8}.Debug|Any CPU.ActiveCfg = Debug|Any CPU
		{22A1D8EB-83C1-4B33-999B-66379ABB77D8}.Debug|Any CPU.Build.0 = Debug|Any CPU
		{EBE6D68E-C3C7-445F-97F6-DD99394C37F1}.Debug|Any CPU.ActiveCfg = Debug|Any CPU
		{EBE6D68E-C3C7-445F-97F6-DD99394C37F1}.Debug|Any CPU.Build.0 = Debug|Any CPU
	EndGlobalSection
	GlobalSection(SolutionProperties) = preSolution
		HideSolutionNode = FALSE
	EndGlobalSection
EndGlobal
